// !$*UTF8*$!
{
	archiveVersion = 1;
	classes = {
	};
	objectVersion = 46;
	objects = {

/* Begin PBXBuildFile section */
		58B167901BF976670024EE61 /* main.m in Sources */ = {isa = PBXBuildFile; fileRef = 58B1678F1BF976670024EE61 /* main.m */; };
		58B167931BF976670024EE61 /* AppDelegate.m in Sources */ = {isa = PBXBuildFile; fileRef = 58B167921BF976670024EE61 /* AppDelegate.m */; };
		58B1679B1BF976670024EE61 /* Assets.xcassets in Resources */ = {isa = PBXBuildFile; fileRef = 58B1679A1BF976670024EE61 /* Assets.xcassets */; };
		58B167A81BF9769A0024EE61 /* MainViewController.m in Sources */ = {isa = PBXBuildFile; fileRef = 58B167A61BF9769A0024EE61 /* MainViewController.m */; };
		58B167AD1BF976A30024EE61 /* RXTextView.m in Sources */ = {isa = PBXBuildFile; fileRef = 58B167AC1BF976A30024EE61 /* RXTextView.m */; };
/* End PBXBuildFile section */

/* Begin PBXFileReference section */
		58B1678B1BF976670024EE61 /* RXTextViewExample.app */ = {isa = PBXFileReference; explicitFileType = wrapper.application; includeInIndex = 0; path = RXTextViewExample.app; sourceTree = BUILT_PRODUCTS_DIR; };
		58B1678F1BF976670024EE61 /* main.m */ = {isa = PBXFileReference; lastKnownFileType = sourcecode.c.objc; path = main.m; sourceTree = "<group>"; };
		58B167911BF976670024EE61 /* AppDelegate.h */ = {isa = PBXFileReference; lastKnownFileType = sourcecode.c.h; path = AppDelegate.h; sourceTree = "<group>"; };
		58B167921BF976670024EE61 /* AppDelegate.m */ = {isa = PBXFileReference; lastKnownFileType = sourcecode.c.objc; path = AppDelegate.m; sourceTree = "<group>"; };
		58B1679A1BF976670024EE61 /* Assets.xcassets */ = {isa = PBXFileReference; lastKnownFileType = folder.assetcatalog; path = Assets.xcassets; sourceTree = "<group>"; };
		58B1679F1BF976670024EE61 /* Info.plist */ = {isa = PBXFileReference; lastKnownFileType = text.plist.xml; path = Info.plist; sourceTree = "<group>"; };
		58B167A51BF9769A0024EE61 /* MainViewController.h */ = {isa = PBXFileReference; fileEncoding = 4; lastKnownFileType = sourcecode.c.h; path = MainViewController.h; sourceTree = "<group>"; };
		58B167A61BF9769A0024EE61 /* MainViewController.m */ = {isa = PBXFileReference; fileEncoding = 4; lastKnownFileType = sourcecode.c.objc; path = MainViewController.m; sourceTree = "<group>"; };
		58B167AB1BF976A30024EE61 /* RXTextView.h */ = {isa = PBXFileReference; fileEncoding = 4; lastKnownFileType = sourcecode.c.h; path = RXTextView.h; sourceTree = "<group>"; };
		58B167AC1BF976A30024EE61 /* RXTextView.m */ = {isa = PBXFileReference; fileEncoding = 4; lastKnownFileType = sourcecode.c.objc; path = RXTextView.m; sourceTree = "<group>"; };
/* End PBXFileReference section */

/* Begin PBXFrameworksBuildPhase section */
		58B167881BF976670024EE61 /* Frameworks */ = {
			isa = PBXFrameworksBuildPhase;
			buildActionMask = 2147483647;
			files = (
			);
			runOnlyForDeploymentPostprocessing = 0;
		};
/* End PBXFrameworksBuildPhase section */

/* Begin PBXGroup section */
		58B167821BF976670024EE61 = {
			isa = PBXGroup;
			children = (
				58B1678D1BF976670024EE61 /* RXTextViewExample */,
				58B1678C1BF976670024EE61 /* Products */,
			);
			sourceTree = "<group>";
		};
		58B1678C1BF976670024EE61 /* Products */ = {
			isa = PBXGroup;
			children = (
				58B1678B1BF976670024EE61 /* RXTextViewExample.app */,
			);
			name = Products;
			sourceTree = "<group>";
		};
		58B1678D1BF976670024EE61 /* RXTextViewExample */ = {
			isa = PBXGroup;
			children = (
				58B167AA1BF976A30024EE61 /* RXTextView */,
				58B167911BF976670024EE61 /* AppDelegate.h */,
				58B167921BF976670024EE61 /* AppDelegate.m */,
				58B1679A1BF976670024EE61 /* Assets.xcassets */,
				58B1679F1BF976670024EE61 /* Info.plist */,
				58B1678E1BF976670024EE61 /* Supporting Files */,
				58B167A51BF9769A0024EE61 /* MainViewController.h */,
				58B167A61BF9769A0024EE61 /* MainViewController.m */,
			);
			path = RXTextViewExample;
			sourceTree = "<group>";
		};
		58B1678E1BF976670024EE61 /* Supporting Files */ = {
			isa = PBXGroup;
			children = (
				58B1678F1BF976670024EE61 /* main.m */,
			);
			name = "Supporting Files";
			sourceTree = "<group>";
		};
		58B167AA1BF976A30024EE61 /* RXTextView */ = {
			isa = PBXGroup;
			children = (
				58B167AB1BF976A30024EE61 /* RXTextView.h */,
				58B167AC1BF976A30024EE61 /* RXTextView.m */,
			);
			name = RXTextView;
			path = ../../RXTextView;
			sourceTree = "<group>";
		};
/* End PBXGroup section */

/* Begin PBXNativeTarget section */
		58B1678A1BF976670024EE61 /* RXTextViewExample */ = {
			isa = PBXNativeTarget;
			buildConfigurationList = 58B167A21BF976670024EE61 /* Build configuration list for PBXNativeTarget "RXTextViewExample" */;
			buildPhases = (
				58B167871BF976670024EE61 /* Sources */,
				58B167881BF976670024EE61 /* Frameworks */,
				58B167891BF976670024EE61 /* Resources */,
			);
			buildRules = (
			);
			dependencies = (
			);
			name = RXTextViewExample;
			productName = RXTextViewExample;
			productReference = 58B1678B1BF976670024EE61 /* RXTextViewExample.app */;
			productType = "com.apple.product-type.application";
		};
/* End PBXNativeTarget section */

/* Begin PBXProject section */
		58B167831BF976670024EE61 /* Project object */ = {
			isa = PBXProject;
			attributes = {
				LastUpgradeCheck = 0920;
				ORGANIZATIONNAME = Rush.D.Xzj;
				TargetAttributes = {
					58B1678A1BF976670024EE61 = {
						CreatedOnToolsVersion = 7.1;
						DevelopmentTeam = BMW986WME7;
					};
				};
			};
			buildConfigurationList = 58B167861BF976670024EE61 /* Build configuration list for PBXProject "RXTextViewExample" */;
			compatibilityVersion = "Xcode 3.2";
			developmentRegion = English;
			hasScannedForEncodings = 0;
			knownRegions = (
				en,
				Base,
			);
			mainGroup = 58B167821BF976670024EE61;
			productRefGroup = 58B1678C1BF976670024EE61 /* Products */;
			projectDirPath = "";
			projectRoot = "";
			targets = (
				58B1678A1BF976670024EE61 /* RXTextViewExample */,
			);
		};
/* End PBXProject section */

/* Begin PBXResourcesBuildPhase section */
		58B167891BF976670024EE61 /* Resources */ = {
			isa = PBXResourcesBuildPhase;
			buildActionMask = 2147483647;
			files = (
				58B1679B1BF976670024EE61 /* Assets.xcassets in Resources */,
			);
			runOnlyForDeploymentPostprocessing = 0;
		};
/* End PBXResourcesBuildPhase section */

/* Begin PBXSourcesBuildPhase section */
		58B167871BF976670024EE61 /* Sources */ = {
			isa = PBXSourcesBuildPhase;
			buildActionMask = 2147483647;
			files = (
				58B167931BF976670024EE61 /* AppDelegate.m in Sources */,
				58B167AD1BF976A30024EE61 /* RXTextView.m in Sources */,
				58B167A81BF9769A0024EE61 /* MainViewController.m in Sources */,
				58B167901BF976670024EE61 /* main.m in Sources */,
			);
			runOnlyForDeploymentPostprocessing = 0;
		};
/* End PBXSourcesBuildPhase section */

/* Begin XCBuildConfiguration section */
		58B167A01BF976670024EE61 /* Debug */ = {
			isa = XCBuildConfiguration;
			buildSettings = {
				ALWAYS_SEARCH_USER_PATHS = NO;
				CLANG_CXX_LANGUAGE_STANDARD = "gnu++0x";
				CLANG_CXX_LIBRARY = "libc++";
				CLANG_ENABLE_MODULES = YES;
				CLANG_ENABLE_OBJC_ARC = YES;
				CLANG_WARN_BLOCK_CAPTURE_AUTORELEASING = YES;
				CLANG_WARN_BOOL_CONVERSION = YES;
				CLANG_WARN_COMMA = YES;
				CLANG_WARN_CONSTANT_CONVERSION = YES;
				CLANG_WARN_DIRECT_OBJC_ISA_USAGE = YES_ERROR;
				CLANG_WARN_EMPTY_BODY = YES;
				CLANG_WARN_ENUM_CONVERSION = YES;
				CLANG_WARN_INFINITE_RECURSION = YES;
				CLANG_WARN_INT_CONVERSION = YES;
				CLANG_WARN_NON_LITERAL_NULL_CONVERSION = YES;
				CLANG_WARN_OBJC_LITERAL_CONVERSION = YES;
				CLANG_WARN_OBJC_ROOT_CLASS = YES_ERROR;
				CLANG_WARN_RANGE_LOOP_ANALYSIS = YES;
				CLANG_WARN_STRICT_PROTOTYPES = YES;
				CLANG_WARN_SUSPICIOUS_MOVE = YES;
				CLANG_WARN_UNREACHABLE_CODE = YES;
				CLANG_WARN__DUPLICATE_METHOD_MATCH = YES;
				"CODE_SIGN_IDENTITY[sdk=iphoneos*]" = "iPhone Developer";
				COPY_PHASE_STRIP = NO;
				DEBUG_INFORMATION_FORMAT = dwarf;
				ENABLE_STRICT_OBJC_MSGSEND = YES;
				ENABLE_TESTABILITY = YES;
				GCC_C_LANGUAGE_STANDARD = gnu99;
				GCC_DYNAMIC_NO_PIC = NO;
				GCC_NO_COMMON_BLOCKS = YES;
				GCC_OPTIMIZATION_LEVEL = 0;
				GCC_PREPROCESSOR_DEFINITIONS = (
					"DEBUG=1",
					"$(inherited)",
				);
				GCC_WARN_64_TO_32_BIT_CONVERSION = YES;
				GCC_WARN_ABOUT_RETURN_TYPE = YES_ERROR;
				GCC_WARN_UNDECLARED_SELECTOR = YES;
				GCC_WARN_UNINITIALIZED_AUTOS = YES_AGGRESSIVE;
				GCC_WARN_UNUSED_FUNCTION = YES;
				GCC_WARN_UNUSED_VARIABLE = YES;
				IPHONEOS_DEPLOYMENT_TARGET = 9.1;
				MTL_ENABLE_DEBUG_INFO = YES;
				ONLY_ACTIVE_ARCH = YES;
				SDKROOT = iphoneos;
			};
			name = Debug;
		};
		58B167A11BF976670024EE61 /* Release */ = {
			isa = XCBuildConfiguration;
			buildSettings = {
				ALWAYS_SEARCH_USER_PATHS = NO;
				CLANG_CXX_LANGUAGE_STANDARD = "gnu++0x";
				CLANG_CXX_LIBRARY = "libc++";
				CLANG_ENABLE_MODULES = YES;
				CLANG_ENABLE_OBJC_ARC = YES;
				CLANG_WARN_BLOCK_CAPTURE_AUTORELEASING = YES;
				CLANG_WARN_BOOL_CONVERSION = YES;
				CLANG_WARN_COMMA = YES;
				CLANG_WARN_CONSTANT_CONVERSION = YES;
				CLANG_WARN_DIRECT_OBJC_ISA_USAGE = YES_ERROR;
				CLANG_WARN_EMPTY_BODY = YES;
				CLANG_WARN_ENUM_CONVERSION = YES;
				CLANG_WARN_INFINITE_RECURSION = YES;
				CLANG_WARN_INT_CONVERSION = YES;
				CLANG_WARN_NON_LITERAL_NULL_CONVERSION = YES;
				CLANG_WARN_OBJC_LITERAL_CONVERSION = YES;
				CLANG_WARN_OBJC_ROOT_CLASS = YES_ERROR;
				CLANG_WARN_RANGE_LOOP_ANALYSIS = YES;
				CLANG_WARN_STRICT_PROTOTYPES = YES;
				CLANG_WARN_SUSPICIOUS_MOVE = YES;
				CLANG_WARN_UNREACHABLE_CODE = YES;
				CLANG_WARN__DUPLICATE_METHOD_MATCH = YES;
				"CODE_SIGN_IDENTITY[sdk=iphoneos*]" = "iPhone Developer";
				COPY_PHASE_STRIP = NO;
				DEBUG_INFORMATION_FORMAT = "dwarf-with-dsym";
				ENABLE_NS_ASSERTIONS = NO;
				ENABLE_STRICT_OBJC_MSGSEND = YES;
				GCC_C_LANGUAGE_STANDARD = gnu99;
				GCC_NO_COMMON_BLOCKS = YES;
				GCC_WARN_64_TO_32_BIT_CONVERSION = YES;
				GCC_WARN_ABOUT_RETURN_TYPE = YES_ERROR;
				GCC_WARN_UNDECLARED_SELECTOR = YES;
				GCC_WARN_UNINITIALIZED_AUTOS = YES_AGGRESSIVE;
				GCC_WARN_UNUSED_FUNCTION = YES;
				GCC_WARN_UNUSED_VARIABLE = YES;
				IPHONEOS_DEPLOYMENT_TARGET = 9.1;
				MTL_ENABLE_DEBUG_INFO = NO;
				SDKROOT = iphoneos;
				VALIDATE_PRODUCT = YES;
			};
			name = Release;
		};
		58B167A31BF976670024EE61 /* Debug */ = {
			isa = XCBuildConfiguration;
			buildSettings = {
				ASSETCATALOG_COMPILER_APPICON_NAME = AppIcon;
				ASSETCATALOG_COMPILER_LAUNCHIMAGE_NAME = LaunchImage;
				DEVELOPMENT_TEAM = BMW986WME7;
				INFOPLIST_FILE = RXTextViewExample/Info.plist;
				LD_RUNPATH_SEARCH_PATHS = "$(inherited) @executable_path/Frameworks";
				PRODUCT_BUNDLE_IDENTIFIER = com.xzj.RXTextViewExample;
				PRODUCT_NAME = "$(TARGET_NAME)";
			};
			name = Debug;
		};
		58B167A41BF976670024EE61 /* Release */ = {
			isa = XCBuildConfiguration;
			buildSettings = {
				ASSETCATALOG_COMPILER_APPICON_NAME = AppIcon;
				ASSETCATALOG_COMPILER_LAUNCHIMAGE_NAME = LaunchImage;
				DEVELOPMENT_TEAM = BMW986WME7;
				INFOPLIST_FILE = RXTextViewExample/Info.plist;
				LD_RUNPATH_SEARCH_PATHS = "$(inherited) @executable_path/Frameworks";
				PRODUCT_BUNDLE_IDENTIFIER = com.xzj.RXTextViewExample;
				PRODUCT_NAME = "$(TARGET_NAME)";
			};
			name = Release;
		};
/* End XCBuildConfiguration section */

/* Begin XCConfigurationList section */
		58B167861BF976670024EE61 /* Build configuration list for PBXProject "RXTextViewExample" */ = {
			isa = XCConfigurationList;
			buildConfigurations = (
				58B167A01BF976670024EE61 /* Debug */,
				58B167A11BF976670024EE61 /* Release */,
			);
			defaultConfigurationIsVisible = 0;
			defaultConfigurationName = Release;
		};
		58B167A21BF976670024EE61 /* Build configuration list for PBXNativeTarget "RXTextViewExample" */ = {
			isa = XCConfigurationList;
			buildConfigurations = (
				58B167A31BF976670024EE61 /* Debug */,
				58B167A41BF976670024EE61 /* Release */,
			);
			defaultConfigurationIsVisible = 0;
			defaultConfigurationName = Release;
		};
/* End XCConfigurationList section */
	};
	rootObject = 58B167831BF976670024EE61 /* Project object */;
}
